
Microsoft Visual Studio Solution File, Format Version 12.00
# Visual Studio Version 17
VisualStudioVersion = 17.0.31919.166
MinimumVisualStudioVersion = 10.0.40219.1
Project("{9A19103F-16F7-4668-BE54-9A1E7A4F7556}") = "Hangfire.Configuration", "Hangfire.Configuration\Hangfire.Configuration.csproj", "{7FEA1092-A5AC-47F6-80E6-1A6BA759F74C}"
EndProject
Project("{9A19103F-16F7-4668-BE54-9A1E7A4F7556}") = "Hangfire.Configuration.Test", "Hangfire.Configuration.Test\Hangfire.Configuration.Test.csproj", "{2A8FAB94-47C7-4EFD-87B5-5F462C6D8D9C}"
EndProject
Project("{2150E333-8FDC-42A3-9474-1A3956D46DE8}") = "AppVeyor", "AppVeyor", "{B84BF3DC-7824-40CE-8EE3-CE68B22B532E}"
	ProjectSection(SolutionItems) = preProject
		appveyor.yml = appveyor.yml
		postgres-configure-sspi.ps1 = postgres-configure-sspi.ps1
	EndProjectSection
EndProject
Project("{9A19103F-16F7-4668-BE54-9A1E7A4F7556}") = "Hangfire.Configuration.PostgreSql.Test", "Hangfire.Configuration.Test\Hangfire.Configuration.PostgreSql.Test.csproj", "{D76A2487-864E-42CD-9F7C-A17A72EEC757}"
EndProject
Project("{9A19103F-16F7-4668-BE54-9A1E7A4F7556}") = "ConsoleSampleSqlServer", "ConsoleSample\ConsoleSampleSqlServer\ConsoleSampleSqlServer.csproj", "{CFCA91E2-6EBC-4171-9182-A133D88F9818}"
EndProject
Project("{9A19103F-16F7-4668-BE54-9A1E7A4F7556}") = "ConsoleSamplePostgreSql", "ConsoleSample\ConsoleSamplePostgreSql\ConsoleSamplePostgreSql.csproj", "{BAE6AED1-5414-4314-8556-E2439C531791}"
EndProject
Global
	GlobalSection(SolutionConfigurationPlatforms) = preSolution
		Debug|Any CPU = Debug|Any CPU
		Release|Any CPU = Release|Any CPU
	EndGlobalSection
	GlobalSection(ProjectConfigurationPlatforms) = postSolution
		{7FEA1092-A5AC-47F6-80E6-1A6BA759F74C}.Debug|Any CPU.ActiveCfg = Debug|Any CPU
		{7FEA1092-A5AC-47F6-80E6-1A6BA759F74C}.Debug|Any CPU.Build.0 = Debug|Any CPU
		{7FEA1092-A5AC-47F6-80E6-1A6BA759F74C}.Release|Any CPU.ActiveCfg = Release|Any CPU
		{7FEA1092-A5AC-47F6-80E6-1A6BA759F74C}.Release|Any CPU.Build.0 = Release|Any CPU
		{2A8FAB94-47C7-4EFD-87B5-5F462C6D8D9C}.Debug|Any CPU.ActiveCfg = Debug|Any CPU
		{2A8FAB94-47C7-4EFD-87B5-5F462C6D8D9C}.Debug|Any CPU.Build.0 = Debug|Any CPU
		{2A8FAB94-47C7-4EFD-87B5-5F462C6D8D9C}.Release|Any CPU.ActiveCfg = Release|Any CPU
		{2A8FAB94-47C7-4EFD-87B5-5F462C6D8D9C}.Release|Any CPU.Build.0 = Release|Any CPU
		{D76A2487-864E-42CD-9F7C-A17A72EEC757}.Debug|Any CPU.ActiveCfg = Debug|Any CPU
		{D76A2487-864E-42CD-9F7C-A17A72EEC757}.Debug|Any CPU.Build.0 = Debug|Any CPU
		{D76A2487-864E-42CD-9F7C-A17A72EEC757}.Release|Any CPU.ActiveCfg = Release|Any CPU
		{D76A2487-864E-42CD-9F7C-A17A72EEC757}.Release|Any CPU.Build.0 = Release|Any CPU
		{CFCA91E2-6EBC-4171-9182-A133D88F9818}.Debug|Any CPU.ActiveCfg = Debug|Any CPU
		{CFCA91E2-6EBC-4171-9182-A133D88F9818}.Debug|Any CPU.Build.0 = Debug|Any CPU
		{CFCA91E2-6EBC-4171-9182-A133D88F9818}.Release|Any CPU.ActiveCfg = Release|Any CPU
		{CFCA91E2-6EBC-4171-9182-A133D88F9818}.Release|Any CPU.Build.0 = Release|Any CPU
		{BAE6AED1-5414-4314-8556-E2439C531791}.Debug|Any CPU.ActiveCfg = Debug|Any CPU
		{BAE6AED1-5414-4314-8556-E2439C531791}.Debug|Any CPU.Build.0 = Debug|Any CPU
		{BAE6AED1-5414-4314-8556-E2439C531791}.Release|Any CPU.ActiveCfg = Release|Any CPU
		{BAE6AED1-5414-4314-8556-E2439C531791}.Release|Any CPU.Build.0 = Release|Any CPU
	EndGlobalSection
	GlobalSection(SolutionProperties) = preSolution
		HideSolutionNode = FALSE
	EndGlobalSection
	GlobalSection(ExtensibilityGlobals) = postSolution
		SolutionGuid = {4A9DD76E-4670-4A12-9EBC-1DAB93E82EFC}
	EndGlobalSection
EndGlobal
