
Microsoft Visual Studio Solution File, Format Version 12.00
Project("{FAE04EC0-301F-11D3-BF4B-00C04F79EFBC}") = "Hangfire.Configuration", "Hangfire.Configuration\Hangfire.Configuration.csproj", "{7FEA1092-A5AC-47F6-80E6-1A6BA759F74C}"
EndProject
Project("{FAE04EC0-301F-11D3-BF4B-00C04F79EFBC}") = "Hangfire.Configuration.Test", "Hangfire.Configuration.Test\Hangfire.Configuration.Test.csproj", "{2A8FAB94-47C7-4EFD-87B5-5F462C6D8D9C}"
EndProject
Global
	GlobalSection(SolutionConfigurationPlatforms) = preSolution
		Debug|Any CPU = Debug|Any CPU
		Release|Any CPU = Release|Any CPU
	EndGlobalSection
	GlobalSection(ProjectConfigurationPlatforms) = postSolution
		{7FEA1092-A5AC-47F6-80E6-1A6BA759F74C}.Debug|Any CPU.ActiveCfg = Debug|Any CPU
		{7FEA1092-A5AC-47F6-80E6-1A6BA759F74C}.Debug|Any CPU.Build.0 = Debug|Any CPU
		{7FEA1092-A5AC-47F6-80E6-1A6BA759F74C}.Release|Any CPU.ActiveCfg = Release|Any CPU
		{7FEA1092-A5AC-47F6-80E6-1A6BA759F74C}.Release|Any CPU.Build.0 = Release|Any CPU
		{2A8FAB94-47C7-4EFD-87B5-5F462C6D8D9C}.Debug|Any CPU.ActiveCfg = Debug|Any CPU
		{2A8FAB94-47C7-4EFD-87B5-5F462C6D8D9C}.Debug|Any CPU.Build.0 = Debug|Any CPU
		{2A8FAB94-47C7-4EFD-87B5-5F462C6D8D9C}.Release|Any CPU.ActiveCfg = Release|Any CPU
		{2A8FAB94-47C7-4EFD-87B5-5F462C6D8D9C}.Release|Any CPU.Build.0 = Release|Any CPU
	EndGlobalSection
EndGlobal
